
Microsoft Visual Studio Solution File, Format Version 12.00
# Visual Studio Version 17
VisualStudioVersion = 17.8.34525.116
MinimumVisualStudioVersion = 10.0.40219.1
Project("{9A19103F-16F7-4668-BE54-9A1E7A4F7556}") = "ProjectAngularServer", "ProjectAngular Sever\ProjectAngularServer.csproj", "{C497E2F2-FD37-490A-AAEF-97E3E42B3DB4}"
EndProject
Project("{9A19103F-16F7-4668-BE54-9A1E7A4F7556}") = "Entites", "Entites\Entites.csproj", "{58E55371-3DE5-4D27-9C13-2BC92DF9B6FB}"
EndProject
Project("{9A19103F-16F7-4668-BE54-9A1E7A4F7556}") = "Repository", "Repository\Repository.csproj", "{0D9421C4-B109-4E69-A8C4-A188DC025AE3}"
EndProject
Project("{9A19103F-16F7-4668-BE54-9A1E7A4F7556}") = "Service", "Service\Service.csproj", "{45409CF6-C69E-4E7F-8BE4-E4A2A32D40D8}"
EndProject
Global
	GlobalSection(SolutionConfigurationPlatforms) = preSolution
		Debug|Any CPU = Debug|Any CPU
		Release|Any CPU = Release|Any CPU
	EndGlobalSection
	GlobalSection(ProjectConfigurationPlatforms) = postSolution
		{C497E2F2-FD37-490A-AAEF-97E3E42B3DB4}.Debug|Any CPU.ActiveCfg = Debug|Any CPU
		{C497E2F2-FD37-490A-AAEF-97E3E42B3DB4}.Debug|Any CPU.Build.0 = Debug|Any CPU
		{C497E2F2-FD37-490A-AAEF-97E3E42B3DB4}.Release|Any CPU.ActiveCfg = Release|Any CPU
		{C497E2F2-FD37-490A-AAEF-97E3E42B3DB4}.Release|Any CPU.Build.0 = Release|Any CPU
		{58E55371-3DE5-4D27-9C13-2BC92DF9B6FB}.Debug|Any CPU.ActiveCfg = Debug|Any CPU
		{58E55371-3DE5-4D27-9C13-2BC92DF9B6FB}.Debug|Any CPU.Build.0 = Debug|Any CPU
		{58E55371-3DE5-4D27-9C13-2BC92DF9B6FB}.Release|Any CPU.ActiveCfg = Release|Any CPU
		{58E55371-3DE5-4D27-9C13-2BC92DF9B6FB}.Release|Any CPU.Build.0 = Release|Any CPU
		{0D9421C4-B109-4E69-A8C4-A188DC025AE3}.Debug|Any CPU.ActiveCfg = Debug|Any CPU
		{0D9421C4-B109-4E69-A8C4-A188DC025AE3}.Debug|Any CPU.Build.0 = Debug|Any CPU
		{0D9421C4-B109-4E69-A8C4-A188DC025AE3}.Release|Any CPU.ActiveCfg = Release|Any CPU
		{0D9421C4-B109-4E69-A8C4-A188DC025AE3}.Release|Any CPU.Build.0 = Release|Any CPU
		{45409CF6-C69E-4E7F-8BE4-E4A2A32D40D8}.Debug|Any CPU.ActiveCfg = Debug|Any CPU
		{45409CF6-C69E-4E7F-8BE4-E4A2A32D40D8}.Debug|Any CPU.Build.0 = Debug|Any CPU
		{45409CF6-C69E-4E7F-8BE4-E4A2A32D40D8}.Release|Any CPU.ActiveCfg = Release|Any CPU
		{45409CF6-C69E-4E7F-8BE4-E4A2A32D40D8}.Release|Any CPU.Build.0 = Release|Any CPU
	EndGlobalSection
	GlobalSection(SolutionProperties) = preSolution
		HideSolutionNode = FALSE
	EndGlobalSection
	GlobalSection(ExtensibilityGlobals) = postSolution
		SolutionGuid = {5AA3977D-7542-4C1B-893B-19820F929D24}
	EndGlobalSection
EndGlobal
